
Microsoft Visual Studio Solution File, Format Version 12.00
# Visual Studio 15
VisualStudioVersion = 15.0.27130.2027
MinimumVisualStudioVersion = 10.0.40219.1
Project("{FAE04EC0-301F-11D3-BF4B-00C04F79EFBC}") = "WebApplication2", "WebApplication2\WebApplication2.csproj", "{A3613A56-8A0C-4500-92BE-757E71EF20EB}"
EndProject
Project("{FAE04EC0-301F-11D3-BF4B-00C04F79EFBC}") = "WebApplication2.Tests", "WebApplication2.Tests\WebApplication2.Tests.csproj", "{60E85982-5152-467B-A133-3B3D602E7AD6}"
EndProject
Project("{CC5FD16D-436D-48AD-A40C-5A424C6E3E79}") = "WebApplication2.Azure", "WebApplication2.Azure\WebApplication2.Azure.ccproj", "{A9699884-6E9E-4819-AC6F-0E0A71B4BD15}"
EndProject
Global
	GlobalSection(SolutionConfigurationPlatforms) = preSolution
		Debug|Any CPU = Debug|Any CPU
		Release|Any CPU = Release|Any CPU
	EndGlobalSection
	GlobalSection(ProjectConfigurationPlatforms) = postSolution
		{A3613A56-8A0C-4500-92BE-757E71EF20EB}.Debug|Any CPU.ActiveCfg = Debug|Any CPU
		{A3613A56-8A0C-4500-92BE-757E71EF20EB}.Debug|Any CPU.Build.0 = Debug|Any CPU
		{A3613A56-8A0C-4500-92BE-757E71EF20EB}.Release|Any CPU.ActiveCfg = Release|Any CPU
		{A3613A56-8A0C-4500-92BE-757E71EF20EB}.Release|Any CPU.Build.0 = Release|Any CPU
		{60E85982-5152-467B-A133-3B3D602E7AD6}.Debug|Any CPU.ActiveCfg = Debug|Any CPU
		{60E85982-5152-467B-A133-3B3D602E7AD6}.Debug|Any CPU.Build.0 = Debug|Any CPU
		{60E85982-5152-467B-A133-3B3D602E7AD6}.Release|Any CPU.ActiveCfg = Release|Any CPU
		{60E85982-5152-467B-A133-3B3D602E7AD6}.Release|Any CPU.Build.0 = Release|Any CPU
		{A9699884-6E9E-4819-AC6F-0E0A71B4BD15}.Debug|Any CPU.ActiveCfg = Debug|Any CPU
		{A9699884-6E9E-4819-AC6F-0E0A71B4BD15}.Debug|Any CPU.Build.0 = Debug|Any CPU
		{A9699884-6E9E-4819-AC6F-0E0A71B4BD15}.Release|Any CPU.ActiveCfg = Release|Any CPU
		{A9699884-6E9E-4819-AC6F-0E0A71B4BD15}.Release|Any CPU.Build.0 = Release|Any CPU
	EndGlobalSection
	GlobalSection(SolutionProperties) = preSolution
		HideSolutionNode = FALSE
	EndGlobalSection
	GlobalSection(ExtensibilityGlobals) = postSolution
		SolutionGuid = {6494227E-9232-418D-8D1B-12F239224412}
	EndGlobalSection
EndGlobal
